// !$*UTF8*$!
{
	archiveVersion = 1;
	classes = {
	};
	objectVersion = 48;
	objects = {

/* Begin PBXBuildFile section */
		AF6F0F081FC6FD8300FF69A8 /* AppDelegate.m in Sources */ = {isa = PBXBuildFile; fileRef = AF6F0F071FC6FD8300FF69A8 /* AppDelegate.m */; };
		AF6F0F111FC6FD8300FF69A8 /* Main.storyboard in Resources */ = {isa = PBXBuildFile; fileRef = AF6F0F0F1FC6FD8300FF69A8 /* Main.storyboard */; };
		AF6F0F131FC6FD8300FF69A8 /* Assets.xcassets in Resources */ = {isa = PBXBuildFile; fileRef = AF6F0F121FC6FD8300FF69A8 /* Assets.xcassets */; };
		AF6F0F161FC6FD8300FF69A8 /* LaunchScreen.storyboard in Resources */ = {isa = PBXBuildFile; fileRef = AF6F0F141FC6FD8300FF69A8 /* LaunchScreen.storyboard */; };
		AF6F0F191FC6FD8300FF69A8 /* main.m in Sources */ = {isa = PBXBuildFile; fileRef = AF6F0F181FC6FD8300FF69A8 /* main.m */; };
		AF6F0F211FC7178300FF69A8 /* RequestAlwaysAuthorizationViewController.m in Sources */ = {isa = PBXBuildFile; fileRef = AF6F0F201FC7178300FF69A8 /* RequestAlwaysAuthorizationViewController.m */; };
		AF6F0F241FC71AAF00FF69A8 /* VisitsLocationServiceViewController.m in Sources */ = {isa = PBXBuildFile; fileRef = AF6F0F231FC71AAF00FF69A8 /* VisitsLocationServiceViewController.m */; };
		AF6F0F271FC7337000FF69A8 /* SignificantChangeLocationServiceViewController.m in Sources */ = {isa = PBXBuildFile; fileRef = AF6F0F261FC7337000FF69A8 /* SignificantChangeLocationServiceViewController.m */; };
		AF6F0F2A1FC7477B00FF69A8 /* StandardLocationServiceViewController.m in Sources */ = {isa = PBXBuildFile; fileRef = AF6F0F291FC7477B00FF69A8 /* StandardLocationServiceViewController.m */; };
/* End PBXBuildFile section */

/* Begin PBXFileReference section */
		AF6F0F031FC6FD8300FF69A8 /* CLLocationDemo.app */ = {isa = PBXFileReference; explicitFileType = wrapper.application; includeInIndex = 0; path = CLLocationDemo.app; sourceTree = BUILT_PRODUCTS_DIR; };
		AF6F0F061FC6FD8300FF69A8 /* AppDelegate.h */ = {isa = PBXFileReference; lastKnownFileType = sourcecode.c.h; path = AppDelegate.h; sourceTree = "<group>"; };
		AF6F0F071FC6FD8300FF69A8 /* AppDelegate.m */ = {isa = PBXFileReference; lastKnownFileType = sourcecode.c.objc; path = AppDelegate.m; sourceTree = "<group>"; };
		AF6F0F101FC6FD8300FF69A8 /* Base */ = {isa = PBXFileReference; lastKnownFileType = file.storyboard; name = Base; path = Base.lproj/Main.storyboard; sourceTree = "<group>"; };
		AF6F0F121FC6FD8300FF69A8 /* Assets.xcassets */ = {isa = PBXFileReference; lastKnownFileType = folder.assetcatalog; path = Assets.xcassets; sourceTree = "<group>"; };
		AF6F0F151FC6FD8300FF69A8 /* Base */ = {isa = PBXFileReference; lastKnownFileType = file.storyboard; name = Base; path = Base.lproj/LaunchScreen.storyboard; sourceTree = "<group>"; };
		AF6F0F171FC6FD8300FF69A8 /* Info.plist */ = {isa = PBXFileReference; lastKnownFileType = text.plist.xml; path = Info.plist; sourceTree = "<group>"; };
		AF6F0F181FC6FD8300FF69A8 /* main.m */ = {isa = PBXFileReference; lastKnownFileType = sourcecode.c.objc; path = main.m; sourceTree = "<group>"; };
		AF6F0F1F1FC7178300FF69A8 /* RequestAlwaysAuthorizationViewController.h */ = {isa = PBXFileReference; lastKnownFileType = sourcecode.c.h; path = RequestAlwaysAuthorizationViewController.h; sourceTree = "<group>"; };
		AF6F0F201FC7178300FF69A8 /* RequestAlwaysAuthorizationViewController.m */ = {isa = PBXFileReference; lastKnownFileType = sourcecode.c.objc; path = RequestAlwaysAuthorizationViewController.m; sourceTree = "<group>"; };
		AF6F0F221FC71AAF00FF69A8 /* VisitsLocationServiceViewController.h */ = {isa = PBXFileReference; lastKnownFileType = sourcecode.c.h; path = VisitsLocationServiceViewController.h; sourceTree = "<group>"; };
		AF6F0F231FC71AAF00FF69A8 /* VisitsLocationServiceViewController.m */ = {isa = PBXFileReference; lastKnownFileType = sourcecode.c.objc; path = VisitsLocationServiceViewController.m; sourceTree = "<group>"; };
		AF6F0F251FC7337000FF69A8 /* SignificantChangeLocationServiceViewController.h */ = {isa = PBXFileReference; lastKnownFileType = sourcecode.c.h; path = SignificantChangeLocationServiceViewController.h; sourceTree = "<group>"; };
		AF6F0F261FC7337000FF69A8 /* SignificantChangeLocationServiceViewController.m */ = {isa = PBXFileReference; lastKnownFileType = sourcecode.c.objc; path = SignificantChangeLocationServiceViewController.m; sourceTree = "<group>"; };
		AF6F0F281FC7477B00FF69A8 /* StandardLocationServiceViewController.h */ = {isa = PBXFileReference; lastKnownFileType = sourcecode.c.h; path = StandardLocationServiceViewController.h; sourceTree = "<group>"; };
		AF6F0F291FC7477B00FF69A8 /* StandardLocationServiceViewController.m */ = {isa = PBXFileReference; lastKnownFileType = sourcecode.c.objc; path = StandardLocationServiceViewController.m; sourceTree = "<group>"; };
/* End PBXFileReference section */

/* Begin PBXFrameworksBuildPhase section */
		AF6F0F001FC6FD8300FF69A8 /* Frameworks */ = {
			isa = PBXFrameworksBuildPhase;
			buildActionMask = 2147483647;
			files = (
			);
			runOnlyForDeploymentPostprocessing = 0;
		};
/* End PBXFrameworksBuildPhase section */

/* Begin PBXGroup section */
		AF6F0EFA1FC6FD8300FF69A8 = {
			isa = PBXGroup;
			children = (
				AF6F0F051FC6FD8300FF69A8 /* CLLocationDemo */,
				AF6F0F041FC6FD8300FF69A8 /* Products */,
			);
			sourceTree = "<group>";
		};
		AF6F0F041FC6FD8300FF69A8 /* Products */ = {
			isa = PBXGroup;
			children = (
				AF6F0F031FC6FD8300FF69A8 /* CLLocationDemo.app */,
			);
			name = Products;
			sourceTree = "<group>";
		};
		AF6F0F051FC6FD8300FF69A8 /* CLLocationDemo */ = {
			isa = PBXGroup;
			children = (
				AF6F0F061FC6FD8300FF69A8 /* AppDelegate.h */,
				AF6F0F071FC6FD8300FF69A8 /* AppDelegate.m */,
				AF6F0F1F1FC7178300FF69A8 /* RequestAlwaysAuthorizationViewController.h */,
				AF6F0F201FC7178300FF69A8 /* RequestAlwaysAuthorizationViewController.m */,
				AF6F0F221FC71AAF00FF69A8 /* VisitsLocationServiceViewController.h */,
				AF6F0F231FC71AAF00FF69A8 /* VisitsLocationServiceViewController.m */,
				AF6F0F251FC7337000FF69A8 /* SignificantChangeLocationServiceViewController.h */,
				AF6F0F261FC7337000FF69A8 /* SignificantChangeLocationServiceViewController.m */,
				AF6F0F281FC7477B00FF69A8 /* StandardLocationServiceViewController.h */,
				AF6F0F291FC7477B00FF69A8 /* StandardLocationServiceViewController.m */,
				AF6F0F0F1FC6FD8300FF69A8 /* Main.storyboard */,
				AF6F0F121FC6FD8300FF69A8 /* Assets.xcassets */,
				AF6F0F141FC6FD8300FF69A8 /* LaunchScreen.storyboard */,
				AF6F0F171FC6FD8300FF69A8 /* Info.plist */,
				AF6F0F181FC6FD8300FF69A8 /* main.m */,
			);
			path = CLLocationDemo;
			sourceTree = "<group>";
		};
/* End PBXGroup section */

/* Begin PBXNativeTarget section */
		AF6F0F021FC6FD8300FF69A8 /* CLLocationDemo */ = {
			isa = PBXNativeTarget;
			buildConfigurationList = AF6F0F1C1FC6FD8300FF69A8 /* Build configuration list for PBXNativeTarget "CLLocationDemo" */;
			buildPhases = (
				AF6F0EFF1FC6FD8300FF69A8 /* Sources */,
				AF6F0F001FC6FD8300FF69A8 /* Frameworks */,
				AF6F0F011FC6FD8300FF69A8 /* Resources */,
			);
			buildRules = (
			);
			dependencies = (
			);
			name = CLLocationDemo;
			productName = CLLocationDemo;
			productReference = AF6F0F031FC6FD8300FF69A8 /* CLLocationDemo.app */;
			productType = "com.apple.product-type.application";
		};
/* End PBXNativeTarget section */

/* Begin PBXProject section */
		AF6F0EFB1FC6FD8300FF69A8 /* Project object */ = {
			isa = PBXProject;
			attributes = {
				LastUpgradeCheck = 0910;
				ORGANIZATIONNAME = mrshyi;
				TargetAttributes = {
					AF6F0F021FC6FD8300FF69A8 = {
						CreatedOnToolsVersion = 9.1;
						ProvisioningStyle = Automatic;
						SystemCapabilities = {
							com.apple.BackgroundModes = {
								enabled = 1;
							};
						};
					};
				};
			};
			buildConfigurationList = AF6F0EFE1FC6FD8300FF69A8 /* Build configuration list for PBXProject "CLLocationDemo" */;
			compatibilityVersion = "Xcode 8.0";
			developmentRegion = en;
			hasScannedForEncodings = 0;
			knownRegions = (
				en,
				Base,
			);
			mainGroup = AF6F0EFA1FC6FD8300FF69A8;
			productRefGroup = AF6F0F041FC6FD8300FF69A8 /* Products */;
			projectDirPath = "";
			projectRoot = "";
			targets = (
				AF6F0F021FC6FD8300FF69A8 /* CLLocationDemo */,
			);
		};
/* End PBXProject section */

/* Begin PBXResourcesBuildPhase section */
		AF6F0F011FC6FD8300FF69A8 /* Resources */ = {
			isa = PBXResourcesBuildPhase;
			buildActionMask = 2147483647;
			files = (
				AF6F0F161FC6FD8300FF69A8 /* LaunchScreen.storyboard in Resources */,
				AF6F0F131FC6FD8300FF69A8 /* Assets.xcassets in Resources */,
				AF6F0F111FC6FD8300FF69A8 /* Main.storyboard in Resources */,
			);
			runOnlyForDeploymentPostprocessing = 0;
		};
/* End PBXResourcesBuildPhase section */

/* Begin PBXSourcesBuildPhase section */
		AF6F0EFF1FC6FD8300FF69A8 /* Sources */ = {
			isa = PBXSourcesBuildPhase;
			buildActionMask = 2147483647;
			files = (
				AF6F0F081FC6FD8300FF69A8 /* AppDelegate.m in Sources */,
				AF6F0F241FC71AAF00FF69A8 /* VisitsLocationServiceViewController.m in Sources */,
				AF6F0F2A1FC7477B00FF69A8 /* StandardLocationServiceViewController.m in Sources */,
				AF6F0F191FC6FD8300FF69A8 /* main.m in Sources */,
				AF6F0F271FC7337000FF69A8 /* SignificantChangeLocationServiceViewController.m in Sources */,
				AF6F0F211FC7178300FF69A8 /* RequestAlwaysAuthorizationViewController.m in Sources */,
			);
			runOnlyForDeploymentPostprocessing = 0;
		};
/* End PBXSourcesBuildPhase section */

/* Begin PBXVariantGroup section */
		AF6F0F0F1FC6FD8300FF69A8 /* Main.storyboard */ = {
			isa = PBXVariantGroup;
			children = (
				AF6F0F101FC6FD8300FF69A8 /* Base */,
			);
			name = Main.storyboard;
			sourceTree = "<group>";
		};
		AF6F0F141FC6FD8300FF69A8 /* LaunchScreen.storyboard */ = {
			isa = PBXVariantGroup;
			children = (
				AF6F0F151FC6FD8300FF69A8 /* Base */,
			);
			name = LaunchScreen.storyboard;
			sourceTree = "<group>";
		};
/* End PBXVariantGroup section */

/* Begin XCBuildConfiguration section */
		AF6F0F1A1FC6FD8300FF69A8 /* Debug */ = {
			isa = XCBuildConfiguration;
			buildSettings = {
				ALWAYS_SEARCH_USER_PATHS = NO;
				CLANG_ANALYZER_NONNULL = YES;
				CLANG_ANALYZER_NUMBER_OBJECT_CONVERSION = YES_AGGRESSIVE;
				CLANG_CXX_LANGUAGE_STANDARD = "gnu++14";
				CLANG_CXX_LIBRARY = "libc++";
				CLANG_ENABLE_MODULES = YES;
				CLANG_ENABLE_OBJC_ARC = YES;
				CLANG_WARN_BLOCK_CAPTURE_AUTORELEASING = YES;
				CLANG_WARN_BOOL_CONVERSION = YES;
				CLANG_WARN_COMMA = YES;
				CLANG_WARN_CONSTANT_CONVERSION = YES;
				CLANG_WARN_DIRECT_OBJC_ISA_USAGE = YES_ERROR;
				CLANG_WARN_DOCUMENTATION_COMMENTS = YES;
				CLANG_WARN_EMPTY_BODY = YES;
				CLANG_WARN_ENUM_CONVERSION = YES;
				CLANG_WARN_INFINITE_RECURSION = YES;
				CLANG_WARN_INT_CONVERSION = YES;
				CLANG_WARN_NON_LITERAL_NULL_CONVERSION = YES;
				CLANG_WARN_OBJC_LITERAL_CONVERSION = YES;
				CLANG_WARN_OBJC_ROOT_CLASS = YES_ERROR;
				CLANG_WARN_RANGE_LOOP_ANALYSIS = YES;
				CLANG_WARN_STRICT_PROTOTYPES = YES;
				CLANG_WARN_SUSPICIOUS_MOVE = YES;
				CLANG_WARN_UNGUARDED_AVAILABILITY = YES_AGGRESSIVE;
				CLANG_WARN_UNREACHABLE_CODE = YES;
				CLANG_WARN__DUPLICATE_METHOD_MATCH = YES;
				CODE_SIGN_IDENTITY = "iPhone Developer";
				COPY_PHASE_STRIP = NO;
				DEBUG_INFORMATION_FORMAT = dwarf;
				ENABLE_STRICT_OBJC_MSGSEND = YES;
				ENABLE_TESTABILITY = YES;
				GCC_C_LANGUAGE_STANDARD = gnu11;
				GCC_DYNAMIC_NO_PIC = NO;
				GCC_NO_COMMON_BLOCKS = YES;
				GCC_OPTIMIZATION_LEVEL = 0;
				GCC_PREPROCESSOR_DEFINITIONS = (
					"DEBUG=1",
					"$(inherited)",
				);
				GCC_WARN_64_TO_32_BIT_CONVERSION = YES;
				GCC_WARN_ABOUT_RETURN_TYPE = YES_ERROR;
				GCC_WARN_UNDECLARED_SELECTOR = YES;
				GCC_WARN_UNINITIALIZED_AUTOS = YES_AGGRESSIVE;
				GCC_WARN_UNUSED_FUNCTION = YES;
				GCC_WARN_UNUSED_VARIABLE = YES;
				IPHONEOS_DEPLOYMENT_TARGET = 11.1;
				MTL_ENABLE_DEBUG_INFO = YES;
				ONLY_ACTIVE_ARCH = YES;
				SDKROOT = iphoneos;
			};
			name = Debug;
		};
		AF6F0F1B1FC6FD8300FF69A8 /* Release */ = {
			isa = XCBuildConfiguration;
			buildSettings = {
				ALWAYS_SEARCH_USER_PATHS = NO;
				CLANG_ANALYZER_NONNULL = YES;
				CLANG_ANALYZER_NUMBER_OBJECT_CONVERSION = YES_AGGRESSIVE;
				CLANG_CXX_LANGUAGE_STANDARD = "gnu++14";
				CLANG_CXX_LIBRARY = "libc++";
				CLANG_ENABLE_MODULES = YES;
				CLANG_ENABLE_OBJC_ARC = YES;
				CLANG_WARN_BLOCK_CAPTURE_AUTORELEASING = YES;
				CLANG_WARN_BOOL_CONVERSION = YES;
				CLANG_WARN_COMMA = YES;
				CLANG_WARN_CONSTANT_CONVERSION = YES;
				CLANG_WARN_DIRECT_OBJC_ISA_USAGE = YES_ERROR;
				CLANG_WARN_DOCUMENTATION_COMMENTS = YES;
				CLANG_WARN_EMPTY_BODY = YES;
				CLANG_WARN_ENUM_CONVERSION = YES;
				CLANG_WARN_INFINITE_RECURSION = YES;
				CLANG_WARN_INT_CONVERSION = YES;
				CLANG_WARN_NON_LITERAL_NULL_CONVERSION = YES;
				CLANG_WARN_OBJC_LITERAL_CONVERSION = YES;
				CLANG_WARN_OBJC_ROOT_CLASS = YES_ERROR;
				CLANG_WARN_RANGE_LOOP_ANALYSIS = YES;
				CLANG_WARN_STRICT_PROTOTYPES = YES;
				CLANG_WARN_SUSPICIOUS_MOVE = YES;
				CLANG_WARN_UNGUARDED_AVAILABILITY = YES_AGGRESSIVE;
				CLANG_WARN_UNREACHABLE_CODE = YES;
				CLANG_WARN__DUPLICATE_METHOD_MATCH = YES;
				CODE_SIGN_IDENTITY = "iPhone Developer";
				COPY_PHASE_STRIP = NO;
				DEBUG_INFORMATION_FORMAT = "dwarf-with-dsym";
				ENABLE_NS_ASSERTIONS = NO;
				ENABLE_STRICT_OBJC_MSGSEND = YES;
				GCC_C_LANGUAGE_STANDARD = gnu11;
				GCC_NO_COMMON_BLOCKS = YES;
				GCC_WARN_64_TO_32_BIT_CONVERSION = YES;
				GCC_WARN_ABOUT_RETURN_TYPE = YES_ERROR;
				GCC_WARN_UNDECLARED_SELECTOR = YES;
				GCC_WARN_UNINITIALIZED_AUTOS = YES_AGGRESSIVE;
				GCC_WARN_UNUSED_FUNCTION = YES;
				GCC_WARN_UNUSED_VARIABLE = YES;
				IPHONEOS_DEPLOYMENT_TARGET = 11.1;
				MTL_ENABLE_DEBUG_INFO = NO;
				SDKROOT = iphoneos;
				VALIDATE_PRODUCT = YES;
			};
			name = Release;
		};
		AF6F0F1D1FC6FD8300FF69A8 /* Debug */ = {
			isa = XCBuildConfiguration;
			buildSettings = {
				ASSETCATALOG_COMPILER_APPICON_NAME = AppIcon;
				CODE_SIGN_STYLE = Automatic;
				DEVELOPMENT_TEAM = "";
				INFOPLIST_FILE = CLLocationDemo/Info.plist;
				LD_RUNPATH_SEARCH_PATHS = "$(inherited) @executable_path/Frameworks";
				PRODUCT_BUNDLE_IDENTIFIER = com.mrshyi.CLLocationDemo;
				PRODUCT_NAME = "$(TARGET_NAME)";
				TARGETED_DEVICE_FAMILY = "1,2";
			};
			name = Debug;
		};
		AF6F0F1E1FC6FD8300FF69A8 /* Release */ = {
			isa = XCBuildConfiguration;
			buildSettings = {
				ASSETCATALOG_COMPILER_APPICON_NAME = AppIcon;
				CODE_SIGN_STYLE = Automatic;
				DEVELOPMENT_TEAM = "";
				INFOPLIST_FILE = CLLocationDemo/Info.plist;
				LD_RUNPATH_SEARCH_PATHS = "$(inherited) @executable_path/Frameworks";
				PRODUCT_BUNDLE_IDENTIFIER = com.mrshyi.CLLocationDemo;
				PRODUCT_NAME = "$(TARGET_NAME)";
				TARGETED_DEVICE_FAMILY = "1,2";
			};
			name = Release;
		};
/* End XCBuildConfiguration section */

/* Begin XCConfigurationList section */
		AF6F0EFE1FC6FD8300FF69A8 /* Build configuration list for PBXProject "CLLocationDemo" */ = {
			isa = XCConfigurationList;
			buildConfigurations = (
				AF6F0F1A1FC6FD8300FF69A8 /* Debug */,
				AF6F0F1B1FC6FD8300FF69A8 /* Release */,
			);
			defaultConfigurationIsVisible = 0;
			defaultConfigurationName = Release;
		};
		AF6F0F1C1FC6FD8300FF69A8 /* Build configuration list for PBXNativeTarget "CLLocationDemo" */ = {
			isa = XCConfigurationList;
			buildConfigurations = (
				AF6F0F1D1FC6FD8300FF69A8 /* Debug */,
				AF6F0F1E1FC6FD8300FF69A8 /* Release */,
			);
			defaultConfigurationIsVisible = 0;
			defaultConfigurationName = Release;
		};
/* End XCConfigurationList section */
	};
	rootObject = AF6F0EFB1FC6FD8300FF69A8 /* Project object */;
}
